// !$*UTF8*$!
{
	archiveVersion = 1;
	classes = {
	};
	objectVersion = 51;
	objects = {

/* Begin PBXBuildFile section */
		37238F0CFAA5EE736703BBFF /* Pods_WBooks_WBooksUITests.framework in Frameworks */ = {isa = PBXBuildFile; fileRef = A2101443B772128D8720A269 /* Pods_WBooks_WBooksUITests.framework */; };
		655448FE26B9849A001D70E1 /* NibView.swift in Sources */ = {isa = PBXBuildFile; fileRef = 655448FD26B9849A001D70E1 /* NibView.swift */; };
		6554490126B984C3001D70E1 /* LoginView.swift in Sources */ = {isa = PBXBuildFile; fileRef = 6554490026B984C3001D70E1 /* LoginView.swift */; };
		6554490326B984CC001D70E1 /* LoginView.xib in Resources */ = {isa = PBXBuildFile; fileRef = 6554490226B984CC001D70E1 /* LoginView.xib */; };
		6554490526B984D7001D70E1 /* LoginController.swift in Sources */ = {isa = PBXBuildFile; fileRef = 6554490426B984D7001D70E1 /* LoginController.swift */; };
		77A253240D8BFF301C5A32E0 /* Pods_WBooks.framework in Frameworks */ = {isa = PBXBuildFile; fileRef = DAD20BD1F34A46B23B237CFF /* Pods_WBooks.framework */; };
		F0D3362626BAAFC500B11648 /* LibraryView.swift in Sources */ = {isa = PBXBuildFile; fileRef = F0D3362526BAAFC500B11648 /* LibraryView.swift */; };
		F0D3362826BAAFF700B11648 /* LibraryView.xib in Resources */ = {isa = PBXBuildFile; fileRef = F0D3362726BAAFF700B11648 /* LibraryView.xib */; };
		F0D3362A26BAB04900B11648 /* LibraryController.swift in Sources */ = {isa = PBXBuildFile; fileRef = F0D3362926BAB04900B11648 /* LibraryController.swift */; };
		F0D3362C26BABEC900B11648 /* LibraryCell.swift in Sources */ = {isa = PBXBuildFile; fileRef = F0D3362B26BABEC900B11648 /* LibraryCell.swift */; };
		F0D3362E26BABEF200B11648 /* LibraryCell.xib in Resources */ = {isa = PBXBuildFile; fileRef = F0D3362D26BABEF200B11648 /* LibraryCell.xib */; };
		F0D3363226BC38FF00B11648 /* TabBarController.swift in Sources */ = {isa = PBXBuildFile; fileRef = F0D3363126BC38FF00B11648 /* TabBarController.swift */; };
		F0ECB5DE26B32433009FA4B5 /* AppDelegate.swift in Sources */ = {isa = PBXBuildFile; fileRef = F0ECB5DD26B32433009FA4B5 /* AppDelegate.swift */; };
		F0ECB5E026B32433009FA4B5 /* SceneDelegate.swift in Sources */ = {isa = PBXBuildFile; fileRef = F0ECB5DF26B32433009FA4B5 /* SceneDelegate.swift */; };
		F0ECB5E726B32434009FA4B5 /* Assets.xcassets in Resources */ = {isa = PBXBuildFile; fileRef = F0ECB5E626B32434009FA4B5 /* Assets.xcassets */; };
		F0ECB5EA26B32434009FA4B5 /* LaunchScreen.storyboard in Resources */ = {isa = PBXBuildFile; fileRef = F0ECB5E826B32434009FA4B5 /* LaunchScreen.storyboard */; };
		F0ECB5F526B32434009FA4B5 /* WBooksTests.swift in Sources */ = {isa = PBXBuildFile; fileRef = F0ECB5F426B32434009FA4B5 /* WBooksTests.swift */; };
		F0ECB60026B32434009FA4B5 /* WBooksUITests.swift in Sources */ = {isa = PBXBuildFile; fileRef = F0ECB5FF26B32434009FA4B5 /* WBooksUITests.swift */; };
		F2ED3C8817BFC6E83AC7AD95 /* Pods_WBooksTests.framework in Frameworks */ = {isa = PBXBuildFile; fileRef = 8CAD679C485AF5B124C27838 /* Pods_WBooksTests.framework */; };
		FC1A8A7B26E132D70048D865 /* Post.swift in Sources */ = {isa = PBXBuildFile; fileRef = FC1A8A7A26E132D70048D865 /* Post.swift */; };
		FC1C8F7A26DE42C200A753BF /* CommentCell.xib in Resources */ = {isa = PBXBuildFile; fileRef = FC1C8F7926DE42C200A753BF /* CommentCell.xib */; };
		FC1C8F7E26DE42FA00A753BF /* CommentCellViewModel.swift in Sources */ = {isa = PBXBuildFile; fileRef = FC1C8F7D26DE42FA00A753BF /* CommentCellViewModel.swift */; };
		FC1C8F8026DE448A00A753BF /* CommentCell.swift in Sources */ = {isa = PBXBuildFile; fileRef = FC1C8F7F26DE448A00A753BF /* CommentCell.swift */; };
		FC20E95926C159A300F4E302 /* BookRepository.swift in Sources */ = {isa = PBXBuildFile; fileRef = FC20E95826C159A300F4E302 /* BookRepository.swift */; };
		FC33993726DFA2D800443EB7 /* SuggestView.xib in Resources */ = {isa = PBXBuildFile; fileRef = FC33993626DFA2D800443EB7 /* SuggestView.xib */; };
		FC33993926DFA31100443EB7 /* SuggestView.swift in Sources */ = {isa = PBXBuildFile; fileRef = FC33993826DFA31100443EB7 /* SuggestView.swift */; };
		FC33993B26DFA37200443EB7 /* SuggestController.swift in Sources */ = {isa = PBXBuildFile; fileRef = FC33993A26DFA37200443EB7 /* SuggestController.swift */; };
		FC33993D26DFA45900443EB7 /* SuggestViewModel.swift in Sources */ = {isa = PBXBuildFile; fileRef = FC33993C26DFA45900443EB7 /* SuggestViewModel.swift */; };
		FC4B5D2926BD58790065409F /* Localizable.strings in Resources */ = {isa = PBXBuildFile; fileRef = FC4B5D2B26BD58790065409F /* Localizable.strings */; };
		FC4B5D3026BD5AF10065409F /* InfoPlist.strings in Resources */ = {isa = PBXBuildFile; fileRef = FC4B5D3226BD5AF10065409F /* InfoPlist.strings */; };
		FC4B5D3626BD6DC10065409F /* Book.swift in Sources */ = {isa = PBXBuildFile; fileRef = FC4B5D3526BD6DC10065409F /* Book.swift */; };
		FC4B5D3B26BD9CDD0065409F /* LibraryViewModel.swift in Sources */ = {isa = PBXBuildFile; fileRef = FC4B5D3A26BD9CDD0065409F /* LibraryViewModel.swift */; };
		FC4B5D3D26BDA3160065409F /* LibraryCellViewModel.swift in Sources */ = {isa = PBXBuildFile; fileRef = FC4B5D3C26BDA3160065409F /* LibraryCellViewModel.swift */; };
		FC66C74326C2B53400346394 /* WishListController.swift in Sources */ = {isa = PBXBuildFile; fileRef = FC66C74226C2B53400346394 /* WishListController.swift */; };
		FC66C74726C2B6D100346394 /* RentalController.swift in Sources */ = {isa = PBXBuildFile; fileRef = FC66C74626C2B6D100346394 /* RentalController.swift */; };
		FC66C75326C406A800346394 /* Utilities.swift in Sources */ = {isa = PBXBuildFile; fileRef = FC66C75226C406A800346394 /* Utilities.swift */; };
		FC66C76026C56D7500346394 /* Comment.swift in Sources */ = {isa = PBXBuildFile; fileRef = FC66C75F26C56D7500346394 /* Comment.swift */; };
		FC66C76226C56DFD00346394 /* CommentRepository.swift in Sources */ = {isa = PBXBuildFile; fileRef = FC66C76126C56DFD00346394 /* CommentRepository.swift */; };
		FC68423A26C6A0DF00555F5D /* BookDetailContainerView.xib in Resources */ = {isa = PBXBuildFile; fileRef = FC68423926C6A0DF00555F5D /* BookDetailContainerView.xib */; };
		FC68423E26C6A17100555F5D /* BookDetailContainerController.swift in Sources */ = {isa = PBXBuildFile; fileRef = FC68423D26C6A17100555F5D /* BookDetailContainerController.swift */; };
		FC68424026C6A19300555F5D /* BookDetailContainerViewModel.swift in Sources */ = {isa = PBXBuildFile; fileRef = FC68423F26C6A19300555F5D /* BookDetailContainerViewModel.swift */; };
		FC68424326C6A4F500555F5D /* BookDetailView.xib in Resources */ = {isa = PBXBuildFile; fileRef = FC68424226C6A4F500555F5D /* BookDetailView.xib */; };
		FC68424526C6A53100555F5D /* BookDetailView.swift in Sources */ = {isa = PBXBuildFile; fileRef = FC68424426C6A53100555F5D /* BookDetailView.swift */; };
		FC68424726C6A5F200555F5D /* BookDetailContainerView.swift in Sources */ = {isa = PBXBuildFile; fileRef = FC68424626C6A5F200555F5D /* BookDetailContainerView.swift */; };
		FC68424926C6A71F00555F5D /* BookDetailController.swift in Sources */ = {isa = PBXBuildFile; fileRef = FC68424826C6A71F00555F5D /* BookDetailController.swift */; };
		FC68424B26C6A75600555F5D /* BookDetailViewModel.swift in Sources */ = {isa = PBXBuildFile; fileRef = FC68424A26C6A75600555F5D /* BookDetailViewModel.swift */; };
		FC68424E26C6AA5000555F5D /* CommentsView.xib in Resources */ = {isa = PBXBuildFile; fileRef = FC68424D26C6AA5000555F5D /* CommentsView.xib */; };
		FC68425026C6AA6500555F5D /* CommentsView.swift in Sources */ = {isa = PBXBuildFile; fileRef = FC68424F26C6AA6500555F5D /* CommentsView.swift */; };
		FC68425226C6AAA700555F5D /* CommentsController.swift in Sources */ = {isa = PBXBuildFile; fileRef = FC68425126C6AAA700555F5D /* CommentsController.swift */; };
		FC68425426C6AC3100555F5D /* CommentViewModel.swift in Sources */ = {isa = PBXBuildFile; fileRef = FC68425326C6AC3100555F5D /* CommentViewModel.swift */; };
/* End PBXBuildFile section */

/* Begin PBXContainerItemProxy section */
		F0ECB5F126B32434009FA4B5 /* PBXContainerItemProxy */ = {
			isa = PBXContainerItemProxy;
			containerPortal = F0ECB5D226B32433009FA4B5 /* Project object */;
			proxyType = 1;
			remoteGlobalIDString = F0ECB5D926B32433009FA4B5;
			remoteInfo = WBooks;
		};
		F0ECB5FC26B32434009FA4B5 /* PBXContainerItemProxy */ = {
			isa = PBXContainerItemProxy;
			containerPortal = F0ECB5D226B32433009FA4B5 /* Project object */;
			proxyType = 1;
			remoteGlobalIDString = F0ECB5D926B32433009FA4B5;
			remoteInfo = WBooks;
		};
/* End PBXContainerItemProxy section */

/* Begin PBXFileReference section */
		2C2CD215FFC994FB1BCA6DF4 /* Pods-WBooks-WBooksUITests.release.xcconfig */ = {isa = PBXFileReference; includeInIndex = 1; lastKnownFileType = text.xcconfig; name = "Pods-WBooks-WBooksUITests.release.xcconfig"; path = "Target Support Files/Pods-WBooks-WBooksUITests/Pods-WBooks-WBooksUITests.release.xcconfig"; sourceTree = "<group>"; };
		46D53839D7FF3ADB00FA3781 /* Pods-WBooksTests.release.xcconfig */ = {isa = PBXFileReference; includeInIndex = 1; lastKnownFileType = text.xcconfig; name = "Pods-WBooksTests.release.xcconfig"; path = "Target Support Files/Pods-WBooksTests/Pods-WBooksTests.release.xcconfig"; sourceTree = "<group>"; };
		655448FD26B9849A001D70E1 /* NibView.swift */ = {isa = PBXFileReference; lastKnownFileType = sourcecode.swift; path = NibView.swift; sourceTree = "<group>"; };
		6554490026B984C3001D70E1 /* LoginView.swift */ = {isa = PBXFileReference; lastKnownFileType = sourcecode.swift; path = LoginView.swift; sourceTree = "<group>"; };
		6554490226B984CC001D70E1 /* LoginView.xib */ = {isa = PBXFileReference; lastKnownFileType = file.xib; path = LoginView.xib; sourceTree = "<group>"; };
		6554490426B984D7001D70E1 /* LoginController.swift */ = {isa = PBXFileReference; lastKnownFileType = sourcecode.swift; path = LoginController.swift; sourceTree = "<group>"; };
		8CAD679C485AF5B124C27838 /* Pods_WBooksTests.framework */ = {isa = PBXFileReference; explicitFileType = wrapper.framework; includeInIndex = 0; path = Pods_WBooksTests.framework; sourceTree = BUILT_PRODUCTS_DIR; };
		95907DAE3FB85964E44D692E /* Pods-WBooks.release.xcconfig */ = {isa = PBXFileReference; includeInIndex = 1; lastKnownFileType = text.xcconfig; name = "Pods-WBooks.release.xcconfig"; path = "Target Support Files/Pods-WBooks/Pods-WBooks.release.xcconfig"; sourceTree = "<group>"; };
		A141F1856A0282E7983C039F /* Pods-WBooks-WBooksUITests.debug.xcconfig */ = {isa = PBXFileReference; includeInIndex = 1; lastKnownFileType = text.xcconfig; name = "Pods-WBooks-WBooksUITests.debug.xcconfig"; path = "Target Support Files/Pods-WBooks-WBooksUITests/Pods-WBooks-WBooksUITests.debug.xcconfig"; sourceTree = "<group>"; };
		A2101443B772128D8720A269 /* Pods_WBooks_WBooksUITests.framework */ = {isa = PBXFileReference; explicitFileType = wrapper.framework; includeInIndex = 0; path = Pods_WBooks_WBooksUITests.framework; sourceTree = BUILT_PRODUCTS_DIR; };
		D40A066932E8196067802000 /* Pods-WBooks.debug.xcconfig */ = {isa = PBXFileReference; includeInIndex = 1; lastKnownFileType = text.xcconfig; name = "Pods-WBooks.debug.xcconfig"; path = "Target Support Files/Pods-WBooks/Pods-WBooks.debug.xcconfig"; sourceTree = "<group>"; };
		DAD20BD1F34A46B23B237CFF /* Pods_WBooks.framework */ = {isa = PBXFileReference; explicitFileType = wrapper.framework; includeInIndex = 0; path = Pods_WBooks.framework; sourceTree = BUILT_PRODUCTS_DIR; };
		E92AB40CB51E4BA78147F61E /* Pods-WBooksTests.debug.xcconfig */ = {isa = PBXFileReference; includeInIndex = 1; lastKnownFileType = text.xcconfig; name = "Pods-WBooksTests.debug.xcconfig"; path = "Target Support Files/Pods-WBooksTests/Pods-WBooksTests.debug.xcconfig"; sourceTree = "<group>"; };
		F03B9E0526B818F800B47EB9 /* ConfigDebug.xcconfig */ = {isa = PBXFileReference; lastKnownFileType = text.xcconfig; path = ConfigDebug.xcconfig; sourceTree = "<group>"; };
		F03B9E0626B81A3700B47EB9 /* ConfigRelease.xcconfig */ = {isa = PBXFileReference; lastKnownFileType = text.xcconfig; path = ConfigRelease.xcconfig; sourceTree = "<group>"; };
		F0D3362526BAAFC500B11648 /* LibraryView.swift */ = {isa = PBXFileReference; lastKnownFileType = sourcecode.swift; path = LibraryView.swift; sourceTree = "<group>"; };
		F0D3362726BAAFF700B11648 /* LibraryView.xib */ = {isa = PBXFileReference; lastKnownFileType = file.xib; path = LibraryView.xib; sourceTree = "<group>"; };
		F0D3362926BAB04900B11648 /* LibraryController.swift */ = {isa = PBXFileReference; lastKnownFileType = sourcecode.swift; path = LibraryController.swift; sourceTree = "<group>"; };
		F0D3362B26BABEC900B11648 /* LibraryCell.swift */ = {isa = PBXFileReference; lastKnownFileType = sourcecode.swift; path = LibraryCell.swift; sourceTree = "<group>"; };
		F0D3362D26BABEF200B11648 /* LibraryCell.xib */ = {isa = PBXFileReference; lastKnownFileType = file.xib; path = LibraryCell.xib; sourceTree = "<group>"; };
		F0D3363126BC38FF00B11648 /* TabBarController.swift */ = {isa = PBXFileReference; lastKnownFileType = sourcecode.swift; path = TabBarController.swift; sourceTree = "<group>"; };
		F0ECB5DA26B32433009FA4B5 /* WBooks.app */ = {isa = PBXFileReference; explicitFileType = wrapper.application; includeInIndex = 0; path = WBooks.app; sourceTree = BUILT_PRODUCTS_DIR; };
		F0ECB5DD26B32433009FA4B5 /* AppDelegate.swift */ = {isa = PBXFileReference; lastKnownFileType = sourcecode.swift; path = AppDelegate.swift; sourceTree = "<group>"; };
		F0ECB5DF26B32433009FA4B5 /* SceneDelegate.swift */ = {isa = PBXFileReference; lastKnownFileType = sourcecode.swift; path = SceneDelegate.swift; sourceTree = "<group>"; };
		F0ECB5E626B32434009FA4B5 /* Assets.xcassets */ = {isa = PBXFileReference; lastKnownFileType = folder.assetcatalog; path = Assets.xcassets; sourceTree = "<group>"; };
		F0ECB5E926B32434009FA4B5 /* Base */ = {isa = PBXFileReference; lastKnownFileType = file.storyboard; name = Base; path = Base.lproj/LaunchScreen.storyboard; sourceTree = "<group>"; };
		F0ECB5EB26B32434009FA4B5 /* Info.plist */ = {isa = PBXFileReference; lastKnownFileType = text.plist.xml; path = Info.plist; sourceTree = "<group>"; };
		F0ECB5F026B32434009FA4B5 /* WBooksTests.xctest */ = {isa = PBXFileReference; explicitFileType = wrapper.cfbundle; includeInIndex = 0; path = WBooksTests.xctest; sourceTree = BUILT_PRODUCTS_DIR; };
		F0ECB5F426B32434009FA4B5 /* WBooksTests.swift */ = {isa = PBXFileReference; lastKnownFileType = sourcecode.swift; path = WBooksTests.swift; sourceTree = "<group>"; };
		F0ECB5F626B32434009FA4B5 /* Info.plist */ = {isa = PBXFileReference; lastKnownFileType = text.plist.xml; path = Info.plist; sourceTree = "<group>"; };
		F0ECB5FB26B32434009FA4B5 /* WBooksUITests.xctest */ = {isa = PBXFileReference; explicitFileType = wrapper.cfbundle; includeInIndex = 0; path = WBooksUITests.xctest; sourceTree = BUILT_PRODUCTS_DIR; };
		F0ECB5FF26B32434009FA4B5 /* WBooksUITests.swift */ = {isa = PBXFileReference; lastKnownFileType = sourcecode.swift; path = WBooksUITests.swift; sourceTree = "<group>"; };
		F0ECB60126B32434009FA4B5 /* Info.plist */ = {isa = PBXFileReference; lastKnownFileType = text.plist.xml; path = Info.plist; sourceTree = "<group>"; };
		FC1A8A7A26E132D70048D865 /* Post.swift */ = {isa = PBXFileReference; lastKnownFileType = sourcecode.swift; path = Post.swift; sourceTree = "<group>"; };
		FC1C8F7926DE42C200A753BF /* CommentCell.xib */ = {isa = PBXFileReference; lastKnownFileType = file.xib; path = CommentCell.xib; sourceTree = "<group>"; };
		FC1C8F7D26DE42FA00A753BF /* CommentCellViewModel.swift */ = {isa = PBXFileReference; lastKnownFileType = sourcecode.swift; path = CommentCellViewModel.swift; sourceTree = "<group>"; };
		FC1C8F7F26DE448A00A753BF /* CommentCell.swift */ = {isa = PBXFileReference; lastKnownFileType = sourcecode.swift; path = CommentCell.swift; sourceTree = "<group>"; };
		FC20E95826C159A300F4E302 /* BookRepository.swift */ = {isa = PBXFileReference; lastKnownFileType = sourcecode.swift; path = BookRepository.swift; sourceTree = "<group>"; };
		FC33993626DFA2D800443EB7 /* SuggestView.xib */ = {isa = PBXFileReference; lastKnownFileType = file.xib; path = SuggestView.xib; sourceTree = "<group>"; };
		FC33993826DFA31100443EB7 /* SuggestView.swift */ = {isa = PBXFileReference; lastKnownFileType = sourcecode.swift; path = SuggestView.swift; sourceTree = "<group>"; };
		FC33993A26DFA37200443EB7 /* SuggestController.swift */ = {isa = PBXFileReference; lastKnownFileType = sourcecode.swift; path = SuggestController.swift; sourceTree = "<group>"; };
		FC33993C26DFA45900443EB7 /* SuggestViewModel.swift */ = {isa = PBXFileReference; lastKnownFileType = sourcecode.swift; path = SuggestViewModel.swift; sourceTree = "<group>"; };
		FC4B5D2A26BD58790065409F /* en */ = {isa = PBXFileReference; lastKnownFileType = text.plist.strings; name = en; path = en.lproj/Localizable.strings; sourceTree = "<group>"; };
		FC4B5D2C26BD59CA0065409F /* es */ = {isa = PBXFileReference; lastKnownFileType = text.plist.strings; name = es; path = es.lproj/LaunchScreen.strings; sourceTree = "<group>"; };
		FC4B5D2D26BD59CA0065409F /* es */ = {isa = PBXFileReference; lastKnownFileType = text.plist.strings; name = es; path = es.lproj/Localizable.strings; sourceTree = "<group>"; };
		FC4B5D3126BD5AF10065409F /* es */ = {isa = PBXFileReference; lastKnownFileType = text.plist.strings; name = es; path = es.lproj/InfoPlist.strings; sourceTree = "<group>"; };
		FC4B5D3326BD5AF60065409F /* en */ = {isa = PBXFileReference; lastKnownFileType = text.plist.strings; name = en; path = en.lproj/InfoPlist.strings; sourceTree = "<group>"; };
		FC4B5D3526BD6DC10065409F /* Book.swift */ = {isa = PBXFileReference; lastKnownFileType = sourcecode.swift; path = Book.swift; sourceTree = "<group>"; };
		FC4B5D3A26BD9CDD0065409F /* LibraryViewModel.swift */ = {isa = PBXFileReference; lastKnownFileType = sourcecode.swift; path = LibraryViewModel.swift; sourceTree = "<group>"; };
		FC4B5D3C26BDA3160065409F /* LibraryCellViewModel.swift */ = {isa = PBXFileReference; lastKnownFileType = sourcecode.swift; path = LibraryCellViewModel.swift; sourceTree = "<group>"; };
		FC66C74226C2B53400346394 /* WishListController.swift */ = {isa = PBXFileReference; lastKnownFileType = sourcecode.swift; path = WishListController.swift; sourceTree = "<group>"; };
		FC66C74626C2B6D100346394 /* RentalController.swift */ = {isa = PBXFileReference; lastKnownFileType = sourcecode.swift; path = RentalController.swift; sourceTree = "<group>"; };
		FC66C75226C406A800346394 /* Utilities.swift */ = {isa = PBXFileReference; lastKnownFileType = sourcecode.swift; path = Utilities.swift; sourceTree = "<group>"; };
		FC66C75F26C56D7500346394 /* Comment.swift */ = {isa = PBXFileReference; lastKnownFileType = sourcecode.swift; path = Comment.swift; sourceTree = "<group>"; };
		FC66C76126C56DFD00346394 /* CommentRepository.swift */ = {isa = PBXFileReference; lastKnownFileType = sourcecode.swift; path = CommentRepository.swift; sourceTree = "<group>"; };
		FC68423926C6A0DF00555F5D /* BookDetailContainerView.xib */ = {isa = PBXFileReference; lastKnownFileType = file.xib; path = BookDetailContainerView.xib; sourceTree = "<group>"; };
		FC68423D26C6A17100555F5D /* BookDetailContainerController.swift */ = {isa = PBXFileReference; lastKnownFileType = sourcecode.swift; path = BookDetailContainerController.swift; sourceTree = "<group>"; };
		FC68423F26C6A19300555F5D /* BookDetailContainerViewModel.swift */ = {isa = PBXFileReference; lastKnownFileType = sourcecode.swift; path = BookDetailContainerViewModel.swift; sourceTree = "<group>"; };
		FC68424226C6A4F500555F5D /* BookDetailView.xib */ = {isa = PBXFileReference; lastKnownFileType = file.xib; path = BookDetailView.xib; sourceTree = "<group>"; };
		FC68424426C6A53100555F5D /* BookDetailView.swift */ = {isa = PBXFileReference; lastKnownFileType = sourcecode.swift; path = BookDetailView.swift; sourceTree = "<group>"; };
		FC68424626C6A5F200555F5D /* BookDetailContainerView.swift */ = {isa = PBXFileReference; lastKnownFileType = sourcecode.swift; path = BookDetailContainerView.swift; sourceTree = "<group>"; };
		FC68424826C6A71F00555F5D /* BookDetailController.swift */ = {isa = PBXFileReference; lastKnownFileType = sourcecode.swift; path = BookDetailController.swift; sourceTree = "<group>"; };
		FC68424A26C6A75600555F5D /* BookDetailViewModel.swift */ = {isa = PBXFileReference; lastKnownFileType = sourcecode.swift; path = BookDetailViewModel.swift; sourceTree = "<group>"; };
		FC68424D26C6AA5000555F5D /* CommentsView.xib */ = {isa = PBXFileReference; lastKnownFileType = file.xib; path = CommentsView.xib; sourceTree = "<group>"; };
		FC68424F26C6AA6500555F5D /* CommentsView.swift */ = {isa = PBXFileReference; lastKnownFileType = sourcecode.swift; path = CommentsView.swift; sourceTree = "<group>"; };
		FC68425126C6AAA700555F5D /* CommentsController.swift */ = {isa = PBXFileReference; lastKnownFileType = sourcecode.swift; path = CommentsController.swift; sourceTree = "<group>"; };
		FC68425326C6AC3100555F5D /* CommentViewModel.swift */ = {isa = PBXFileReference; lastKnownFileType = sourcecode.swift; path = CommentViewModel.swift; sourceTree = "<group>"; };
/* End PBXFileReference section */

/* Begin PBXFrameworksBuildPhase section */
		F0ECB5D726B32433009FA4B5 /* Frameworks */ = {
			isa = PBXFrameworksBuildPhase;
			buildActionMask = 2147483647;
			files = (
				77A253240D8BFF301C5A32E0 /* Pods_WBooks.framework in Frameworks */,
			);
			runOnlyForDeploymentPostprocessing = 0;
		};
		F0ECB5ED26B32434009FA4B5 /* Frameworks */ = {
			isa = PBXFrameworksBuildPhase;
			buildActionMask = 2147483647;
			files = (
				F2ED3C8817BFC6E83AC7AD95 /* Pods_WBooksTests.framework in Frameworks */,
			);
			runOnlyForDeploymentPostprocessing = 0;
		};
		F0ECB5F826B32434009FA4B5 /* Frameworks */ = {
			isa = PBXFrameworksBuildPhase;
			buildActionMask = 2147483647;
			files = (
				37238F0CFAA5EE736703BBFF /* Pods_WBooks_WBooksUITests.framework in Frameworks */,
			);
			runOnlyForDeploymentPostprocessing = 0;
		};
/* End PBXFrameworksBuildPhase section */

/* Begin PBXGroup section */
		176FD85551CACDBF14EAF509 /* Frameworks */ = {
			isa = PBXGroup;
			children = (
				DAD20BD1F34A46B23B237CFF /* Pods_WBooks.framework */,
				A2101443B772128D8720A269 /* Pods_WBooks_WBooksUITests.framework */,
				8CAD679C485AF5B124C27838 /* Pods_WBooksTests.framework */,
			);
			name = Frameworks;
			sourceTree = "<group>";
		};
		655448FF26B984B5001D70E1 /* Login */ = {
			isa = PBXGroup;
			children = (
				6554490226B984CC001D70E1 /* LoginView.xib */,
				6554490026B984C3001D70E1 /* LoginView.swift */,
				6554490426B984D7001D70E1 /* LoginController.swift */,
			);
			path = Login;
			sourceTree = "<group>";
		};
		6554490626B99890001D70E1 /* Shared */ = {
			isa = PBXGroup;
			children = (
				655448FD26B9849A001D70E1 /* NibView.swift */,
			);
			path = Shared;
			sourceTree = "<group>";
		};
		7401EC3C5DCD9B48F635404C /* Pods */ = {
			isa = PBXGroup;
			children = (
				D40A066932E8196067802000 /* Pods-WBooks.debug.xcconfig */,
				95907DAE3FB85964E44D692E /* Pods-WBooks.release.xcconfig */,
				A141F1856A0282E7983C039F /* Pods-WBooks-WBooksUITests.debug.xcconfig */,
				2C2CD215FFC994FB1BCA6DF4 /* Pods-WBooks-WBooksUITests.release.xcconfig */,
				E92AB40CB51E4BA78147F61E /* Pods-WBooksTests.debug.xcconfig */,
				46D53839D7FF3ADB00FA3781 /* Pods-WBooksTests.release.xcconfig */,
			);
			path = Pods;
			sourceTree = "<group>";
		};
		F03B9E0426B817CC00B47EB9 /* ConfigureFiles */ = {
			isa = PBXGroup;
			children = (
				F03B9E0526B818F800B47EB9 /* ConfigDebug.xcconfig */,
				F03B9E0626B81A3700B47EB9 /* ConfigRelease.xcconfig */,
			);
			path = ConfigureFiles;
			sourceTree = "<group>";
		};
		F0D3363026BAFE7800B11648 /* Library */ = {
			isa = PBXGroup;
			children = (
				FC4B5D3926BD9C5F0065409F /* BookCell */,
				F0D3362726BAAFF700B11648 /* LibraryView.xib */,
				F0D3362526BAAFC500B11648 /* LibraryView.swift */,
				F0D3362926BAB04900B11648 /* LibraryController.swift */,
				FC4B5D3A26BD9CDD0065409F /* LibraryViewModel.swift */,
			);
			path = Library;
			sourceTree = "<group>";
		};
		F0D3363326BC693300B11648 /* TabBar */ = {
			isa = PBXGroup;
			children = (
				F0D3363126BC38FF00B11648 /* TabBarController.swift */,
				FC66C74226C2B53400346394 /* WishListController.swift */,
				FC66C74626C2B6D100346394 /* RentalController.swift */,
			);
			path = TabBar;
			sourceTree = "<group>";
		};
		F0ECB5D126B32433009FA4B5 = {
			isa = PBXGroup;
			children = (
				F0ECB5DC26B32433009FA4B5 /* WBooks */,
				F0ECB5F326B32434009FA4B5 /* WBooksTests */,
				F0ECB5FE26B32434009FA4B5 /* WBooksUITests */,
				F0ECB5DB26B32433009FA4B5 /* Products */,
				7401EC3C5DCD9B48F635404C /* Pods */,
				176FD85551CACDBF14EAF509 /* Frameworks */,
			);
			sourceTree = "<group>";
		};
		F0ECB5DB26B32433009FA4B5 /* Products */ = {
			isa = PBXGroup;
			children = (
				F0ECB5DA26B32433009FA4B5 /* WBooks.app */,
				F0ECB5F026B32434009FA4B5 /* WBooksTests.xctest */,
				F0ECB5FB26B32434009FA4B5 /* WBooksUITests.xctest */,
			);
			name = Products;
			sourceTree = "<group>";
		};
		F0ECB5DC26B32433009FA4B5 /* WBooks */ = {
			isa = PBXGroup;
			children = (
				6554490626B99890001D70E1 /* Shared */,
				FC66C75126C4062200346394 /* Utilities */,
				FC20E95726C1597200F4E302 /* Repository */,
				FC4B5D3426BD6DA30065409F /* Models */,
				655448FF26B984B5001D70E1 /* Login */,
				F0D3363026BAFE7800B11648 /* Library */,
				FC68423826C6A05B00555F5D /* BookDetailContainer */,
				FC68424126C6A4B000555F5D /* BookDetail */,
				FC68424C26C6A97300555F5D /* Comments */,
				FC33993526DFA28600443EB7 /* Suggest */,
				F0D3363326BC693300B11648 /* TabBar */,
				F03B9E0426B817CC00B47EB9 /* ConfigureFiles */,
				F0ECB5DD26B32433009FA4B5 /* AppDelegate.swift */,
				F0ECB5DF26B32433009FA4B5 /* SceneDelegate.swift */,
				F0ECB5E626B32434009FA4B5 /* Assets.xcassets */,
				F0ECB5E826B32434009FA4B5 /* LaunchScreen.storyboard */,
				F0ECB5EB26B32434009FA4B5 /* Info.plist */,
				FC4B5D2B26BD58790065409F /* Localizable.strings */,
				FC4B5D3226BD5AF10065409F /* InfoPlist.strings */,
			);
			path = WBooks;
			sourceTree = "<group>";
		};
		F0ECB5F326B32434009FA4B5 /* WBooksTests */ = {
			isa = PBXGroup;
			children = (
				F0ECB5F426B32434009FA4B5 /* WBooksTests.swift */,
				F0ECB5F626B32434009FA4B5 /* Info.plist */,
			);
			path = WBooksTests;
			sourceTree = "<group>";
		};
		F0ECB5FE26B32434009FA4B5 /* WBooksUITests */ = {
			isa = PBXGroup;
			children = (
				F0ECB5FF26B32434009FA4B5 /* WBooksUITests.swift */,
				F0ECB60126B32434009FA4B5 /* Info.plist */,
			);
			path = WBooksUITests;
			sourceTree = "<group>";
		};
		FC1C8F7826DE429D00A753BF /* CommentCell */ = {
			isa = PBXGroup;
			children = (
				FC1C8F7926DE42C200A753BF /* CommentCell.xib */,
				FC1C8F7F26DE448A00A753BF /* CommentCell.swift */,
				FC1C8F7D26DE42FA00A753BF /* CommentCellViewModel.swift */,
			);
			path = CommentCell;
			sourceTree = "<group>";
		};
		FC20E95726C1597200F4E302 /* Repository */ = {
			isa = PBXGroup;
			children = (
				FC20E95826C159A300F4E302 /* BookRepository.swift */,
				FC66C76126C56DFD00346394 /* CommentRepository.swift */,
				FC1A8A7A26E132D70048D865 /* Post.swift */,
			);
			path = Repository;
			sourceTree = "<group>";
		};
		FC33993526DFA28600443EB7 /* Suggest */ = {
			isa = PBXGroup;
			children = (
				FC33993626DFA2D800443EB7 /* SuggestView.xib */,
				FC33993826DFA31100443EB7 /* SuggestView.swift */,
				FC33993A26DFA37200443EB7 /* SuggestController.swift */,
				FC33993C26DFA45900443EB7 /* SuggestViewModel.swift */,
			);
			path = Suggest;
			sourceTree = "<group>";
		};
		FC4B5D3426BD6DA30065409F /* Models */ = {
			isa = PBXGroup;
			children = (
				FC4B5D3526BD6DC10065409F /* Book.swift */,
				FC66C75F26C56D7500346394 /* Comment.swift */,
			);
			path = Models;
			sourceTree = "<group>";
		};
		FC4B5D3926BD9C5F0065409F /* BookCell */ = {
			isa = PBXGroup;
			children = (
				F0D3362D26BABEF200B11648 /* LibraryCell.xib */,
				F0D3362B26BABEC900B11648 /* LibraryCell.swift */,
				FC4B5D3C26BDA3160065409F /* LibraryCellViewModel.swift */,
			);
			path = BookCell;
			sourceTree = "<group>";
		};
		FC66C75126C4062200346394 /* Utilities */ = {
			isa = PBXGroup;
			children = (
				FC66C75226C406A800346394 /* Utilities.swift */,
			);
			path = Utilities;
			sourceTree = "<group>";
		};
		FC68423826C6A05B00555F5D /* BookDetailContainer */ = {
			isa = PBXGroup;
			children = (
				FC68423926C6A0DF00555F5D /* BookDetailContainerView.xib */,
				FC68424626C6A5F200555F5D /* BookDetailContainerView.swift */,
				FC68423D26C6A17100555F5D /* BookDetailContainerController.swift */,
				FC68423F26C6A19300555F5D /* BookDetailContainerViewModel.swift */,
			);
			path = BookDetailContainer;
			sourceTree = "<group>";
		};
		FC68424126C6A4B000555F5D /* BookDetail */ = {
			isa = PBXGroup;
			children = (
				FC68424226C6A4F500555F5D /* BookDetailView.xib */,
				FC68424426C6A53100555F5D /* BookDetailView.swift */,
				FC68424826C6A71F00555F5D /* BookDetailController.swift */,
				FC68424A26C6A75600555F5D /* BookDetailViewModel.swift */,
			);
			path = BookDetail;
			sourceTree = "<group>";
		};
		FC68424C26C6A97300555F5D /* Comments */ = {
			isa = PBXGroup;
			children = (
				FC1C8F7826DE429D00A753BF /* CommentCell */,
				FC68424D26C6AA5000555F5D /* CommentsView.xib */,
				FC68424F26C6AA6500555F5D /* CommentsView.swift */,
				FC68425126C6AAA700555F5D /* CommentsController.swift */,
				FC68425326C6AC3100555F5D /* CommentViewModel.swift */,
			);
			path = Comments;
			sourceTree = "<group>";
		};
/* End PBXGroup section */

/* Begin PBXNativeTarget section */
		F0ECB5D926B32433009FA4B5 /* WBooks */ = {
			isa = PBXNativeTarget;
			buildConfigurationList = F0ECB60426B32434009FA4B5 /* Build configuration list for PBXNativeTarget "WBooks" */;
			buildPhases = (
				C8C55B28D03A0AFC32BA488A /* [CP] Check Pods Manifest.lock */,
				F0ECB5D626B32433009FA4B5 /* Sources */,
				F0ECB5D726B32433009FA4B5 /* Frameworks */,
				F0ECB5D826B32433009FA4B5 /* Resources */,
				2A2AA369FF095EEAF34E81AF /* [CP] Embed Pods Frameworks */,
			);
			buildRules = (
			);
			dependencies = (
			);
			name = WBooks;
			productName = WBooks;
			productReference = F0ECB5DA26B32433009FA4B5 /* WBooks.app */;
			productType = "com.apple.product-type.application";
		};
		F0ECB5EF26B32434009FA4B5 /* WBooksTests */ = {
			isa = PBXNativeTarget;
			buildConfigurationList = F0ECB60726B32434009FA4B5 /* Build configuration list for PBXNativeTarget "WBooksTests" */;
			buildPhases = (
				02F7E58FBF5071F42BE22583 /* [CP] Check Pods Manifest.lock */,
				F0ECB5EC26B32434009FA4B5 /* Sources */,
				F0ECB5ED26B32434009FA4B5 /* Frameworks */,
				F0ECB5EE26B32434009FA4B5 /* Resources */,
			);
			buildRules = (
			);
			dependencies = (
				F0ECB5F226B32434009FA4B5 /* PBXTargetDependency */,
			);
			name = WBooksTests;
			productName = WBooksTests;
			productReference = F0ECB5F026B32434009FA4B5 /* WBooksTests.xctest */;
			productType = "com.apple.product-type.bundle.unit-test";
		};
		F0ECB5FA26B32434009FA4B5 /* WBooksUITests */ = {
			isa = PBXNativeTarget;
			buildConfigurationList = F0ECB60A26B32434009FA4B5 /* Build configuration list for PBXNativeTarget "WBooksUITests" */;
			buildPhases = (
				5DC5B8F26B23EECD2E913555 /* [CP] Check Pods Manifest.lock */,
				F0ECB5F726B32434009FA4B5 /* Sources */,
				F0ECB5F826B32434009FA4B5 /* Frameworks */,
				F0ECB5F926B32434009FA4B5 /* Resources */,
				4E3905F73F75CEFC2CF47688 /* [CP] Embed Pods Frameworks */,
			);
			buildRules = (
			);
			dependencies = (
				F0ECB5FD26B32434009FA4B5 /* PBXTargetDependency */,
			);
			name = WBooksUITests;
			productName = WBooksUITests;
			productReference = F0ECB5FB26B32434009FA4B5 /* WBooksUITests.xctest */;
			productType = "com.apple.product-type.bundle.ui-testing";
		};
/* End PBXNativeTarget section */

/* Begin PBXProject section */
		F0ECB5D226B32433009FA4B5 /* Project object */ = {
			isa = PBXProject;
			attributes = {
				LastSwiftUpdateCheck = 1250;
				LastUpgradeCheck = 1250;
				TargetAttributes = {
					F0ECB5D926B32433009FA4B5 = {
						CreatedOnToolsVersion = 12.5.1;
					};
					F0ECB5EF26B32434009FA4B5 = {
						CreatedOnToolsVersion = 12.5.1;
						TestTargetID = F0ECB5D926B32433009FA4B5;
					};
					F0ECB5FA26B32434009FA4B5 = {
						CreatedOnToolsVersion = 12.5.1;
						TestTargetID = F0ECB5D926B32433009FA4B5;
					};
				};
			};
			buildConfigurationList = F0ECB5D526B32433009FA4B5 /* Build configuration list for PBXProject "WBooks" */;
			compatibilityVersion = "Xcode 9.3";
			developmentRegion = en;
			hasScannedForEncodings = 0;
			knownRegions = (
				en,
				Base,
				es,
			);
			mainGroup = F0ECB5D126B32433009FA4B5;
			productRefGroup = F0ECB5DB26B32433009FA4B5 /* Products */;
			projectDirPath = "";
			projectRoot = "";
			targets = (
				F0ECB5D926B32433009FA4B5 /* WBooks */,
				F0ECB5EF26B32434009FA4B5 /* WBooksTests */,
				F0ECB5FA26B32434009FA4B5 /* WBooksUITests */,
			);
		};
/* End PBXProject section */

/* Begin PBXResourcesBuildPhase section */
		F0ECB5D826B32433009FA4B5 /* Resources */ = {
			isa = PBXResourcesBuildPhase;
			buildActionMask = 2147483647;
			files = (
				F0ECB5EA26B32434009FA4B5 /* LaunchScreen.storyboard in Resources */,
				FC4B5D3026BD5AF10065409F /* InfoPlist.strings in Resources */,
				FC4B5D2926BD58790065409F /* Localizable.strings in Resources */,
				F0ECB5E726B32434009FA4B5 /* Assets.xcassets in Resources */,
				6554490326B984CC001D70E1 /* LoginView.xib in Resources */,
				FC68424E26C6AA5000555F5D /* CommentsView.xib in Resources */,
				FC68423A26C6A0DF00555F5D /* BookDetailContainerView.xib in Resources */,
				FC68424326C6A4F500555F5D /* BookDetailView.xib in Resources */,
				F0D3362E26BABEF200B11648 /* LibraryCell.xib in Resources */,
				FC33993726DFA2D800443EB7 /* SuggestView.xib in Resources */,
				FC1C8F7A26DE42C200A753BF /* CommentCell.xib in Resources */,
				F0D3362826BAAFF700B11648 /* LibraryView.xib in Resources */,
			);
			runOnlyForDeploymentPostprocessing = 0;
		};
		F0ECB5EE26B32434009FA4B5 /* Resources */ = {
			isa = PBXResourcesBuildPhase;
			buildActionMask = 2147483647;
			files = (
			);
			runOnlyForDeploymentPostprocessing = 0;
		};
		F0ECB5F926B32434009FA4B5 /* Resources */ = {
			isa = PBXResourcesBuildPhase;
			buildActionMask = 2147483647;
			files = (
			);
			runOnlyForDeploymentPostprocessing = 0;
		};
/* End PBXResourcesBuildPhase section */

/* Begin PBXShellScriptBuildPhase section */
		02F7E58FBF5071F42BE22583 /* [CP] Check Pods Manifest.lock */ = {
			isa = PBXShellScriptBuildPhase;
			buildActionMask = 2147483647;
			files = (
			);
			inputFileListPaths = (
			);
			inputPaths = (
				"${PODS_PODFILE_DIR_PATH}/Podfile.lock",
				"${PODS_ROOT}/Manifest.lock",
			);
			name = "[CP] Check Pods Manifest.lock";
			outputFileListPaths = (
			);
			outputPaths = (
				"$(DERIVED_FILE_DIR)/Pods-WBooksTests-checkManifestLockResult.txt",
			);
			runOnlyForDeploymentPostprocessing = 0;
			shellPath = /bin/sh;
			shellScript = "diff \"${PODS_PODFILE_DIR_PATH}/Podfile.lock\" \"${PODS_ROOT}/Manifest.lock\" > /dev/null\nif [ $? != 0 ] ; then\n    # print error to STDERR\n    echo \"error: The sandbox is not in sync with the Podfile.lock. Run 'pod install' or update your CocoaPods installation.\" >&2\n    exit 1\nfi\n# This output is used by Xcode 'outputs' to avoid re-running this script phase.\necho \"SUCCESS\" > \"${SCRIPT_OUTPUT_FILE_0}\"\n";
			showEnvVarsInLog = 0;
		};
		2A2AA369FF095EEAF34E81AF /* [CP] Embed Pods Frameworks */ = {
			isa = PBXShellScriptBuildPhase;
			buildActionMask = 2147483647;
			files = (
			);
			inputFileListPaths = (
				"${PODS_ROOT}/Target Support Files/Pods-WBooks/Pods-WBooks-frameworks-${CONFIGURATION}-input-files.xcfilelist",
			);
			name = "[CP] Embed Pods Frameworks";
			outputFileListPaths = (
				"${PODS_ROOT}/Target Support Files/Pods-WBooks/Pods-WBooks-frameworks-${CONFIGURATION}-output-files.xcfilelist",
			);
			runOnlyForDeploymentPostprocessing = 0;
			shellPath = /bin/sh;
			shellScript = "\"${PODS_ROOT}/Target Support Files/Pods-WBooks/Pods-WBooks-frameworks.sh\"\n";
			showEnvVarsInLog = 0;
		};
		4E3905F73F75CEFC2CF47688 /* [CP] Embed Pods Frameworks */ = {
			isa = PBXShellScriptBuildPhase;
			buildActionMask = 2147483647;
			files = (
			);
			inputFileListPaths = (
				"${PODS_ROOT}/Target Support Files/Pods-WBooks-WBooksUITests/Pods-WBooks-WBooksUITests-frameworks-${CONFIGURATION}-input-files.xcfilelist",
			);
			name = "[CP] Embed Pods Frameworks";
			outputFileListPaths = (
				"${PODS_ROOT}/Target Support Files/Pods-WBooks-WBooksUITests/Pods-WBooks-WBooksUITests-frameworks-${CONFIGURATION}-output-files.xcfilelist",
			);
			runOnlyForDeploymentPostprocessing = 0;
			shellPath = /bin/sh;
			shellScript = "\"${PODS_ROOT}/Target Support Files/Pods-WBooks-WBooksUITests/Pods-WBooks-WBooksUITests-frameworks.sh\"\n";
			showEnvVarsInLog = 0;
		};
		5DC5B8F26B23EECD2E913555 /* [CP] Check Pods Manifest.lock */ = {
			isa = PBXShellScriptBuildPhase;
			buildActionMask = 2147483647;
			files = (
			);
			inputFileListPaths = (
			);
			inputPaths = (
				"${PODS_PODFILE_DIR_PATH}/Podfile.lock",
				"${PODS_ROOT}/Manifest.lock",
			);
			name = "[CP] Check Pods Manifest.lock";
			outputFileListPaths = (
			);
			outputPaths = (
				"$(DERIVED_FILE_DIR)/Pods-WBooks-WBooksUITests-checkManifestLockResult.txt",
			);
			runOnlyForDeploymentPostprocessing = 0;
			shellPath = /bin/sh;
			shellScript = "diff \"${PODS_PODFILE_DIR_PATH}/Podfile.lock\" \"${PODS_ROOT}/Manifest.lock\" > /dev/null\nif [ $? != 0 ] ; then\n    # print error to STDERR\n    echo \"error: The sandbox is not in sync with the Podfile.lock. Run 'pod install' or update your CocoaPods installation.\" >&2\n    exit 1\nfi\n# This output is used by Xcode 'outputs' to avoid re-running this script phase.\necho \"SUCCESS\" > \"${SCRIPT_OUTPUT_FILE_0}\"\n";
			showEnvVarsInLog = 0;
		};
		C8C55B28D03A0AFC32BA488A /* [CP] Check Pods Manifest.lock */ = {
			isa = PBXShellScriptBuildPhase;
			buildActionMask = 2147483647;
			files = (
			);
			inputFileListPaths = (
			);
			inputPaths = (
				"${PODS_PODFILE_DIR_PATH}/Podfile.lock",
				"${PODS_ROOT}/Manifest.lock",
			);
			name = "[CP] Check Pods Manifest.lock";
			outputFileListPaths = (
			);
			outputPaths = (
				"$(DERIVED_FILE_DIR)/Pods-WBooks-checkManifestLockResult.txt",
			);
			runOnlyForDeploymentPostprocessing = 0;
			shellPath = /bin/sh;
			shellScript = "diff \"${PODS_PODFILE_DIR_PATH}/Podfile.lock\" \"${PODS_ROOT}/Manifest.lock\" > /dev/null\nif [ $? != 0 ] ; then\n    # print error to STDERR\n    echo \"error: The sandbox is not in sync with the Podfile.lock. Run 'pod install' or update your CocoaPods installation.\" >&2\n    exit 1\nfi\n# This output is used by Xcode 'outputs' to avoid re-running this script phase.\necho \"SUCCESS\" > \"${SCRIPT_OUTPUT_FILE_0}\"\n";
			showEnvVarsInLog = 0;
		};
/* End PBXShellScriptBuildPhase section */

/* Begin PBXSourcesBuildPhase section */
		F0ECB5D626B32433009FA4B5 /* Sources */ = {
			isa = PBXSourcesBuildPhase;
			buildActionMask = 2147483647;
			files = (
				FC68424726C6A5F200555F5D /* BookDetailContainerView.swift in Sources */,
				FC68425426C6AC3100555F5D /* CommentViewModel.swift in Sources */,
				FC68424B26C6A75600555F5D /* BookDetailViewModel.swift in Sources */,
				FC68424926C6A71F00555F5D /* BookDetailController.swift in Sources */,
				FC4B5D3D26BDA3160065409F /* LibraryCellViewModel.swift in Sources */,
				FC66C76026C56D7500346394 /* Comment.swift in Sources */,
				F0D3362C26BABEC900B11648 /* LibraryCell.swift in Sources */,
				FC33993926DFA31100443EB7 /* SuggestView.swift in Sources */,
				655448FE26B9849A001D70E1 /* NibView.swift in Sources */,
				FC66C76226C56DFD00346394 /* CommentRepository.swift in Sources */,
				F0D3362626BAAFC500B11648 /* LibraryView.swift in Sources */,
				FC68424526C6A53100555F5D /* BookDetailView.swift in Sources */,
				FC1A8A7B26E132D70048D865 /* Post.swift in Sources */,
				F0D3363226BC38FF00B11648 /* TabBarController.swift in Sources */,
				6554490526B984D7001D70E1 /* LoginController.swift in Sources */,
				FC68425026C6AA6500555F5D /* CommentsView.swift in Sources */,
				F0D3362A26BAB04900B11648 /* LibraryController.swift in Sources */,
				FC66C74326C2B53400346394 /* WishListController.swift in Sources */,
				FC20E95926C159A300F4E302 /* BookRepository.swift in Sources */,
				F0ECB5DE26B32433009FA4B5 /* AppDelegate.swift in Sources */,
				6554490126B984C3001D70E1 /* LoginView.swift in Sources */,
				FC66C74726C2B6D100346394 /* RentalController.swift in Sources */,
				FC4B5D3626BD6DC10065409F /* Book.swift in Sources */,
				FC68423E26C6A17100555F5D /* BookDetailContainerController.swift in Sources */,
				FC33993B26DFA37200443EB7 /* SuggestController.swift in Sources */,
				FC1C8F8026DE448A00A753BF /* CommentCell.swift in Sources */,
				FC4B5D3B26BD9CDD0065409F /* LibraryViewModel.swift in Sources */,
				FC66C75326C406A800346394 /* Utilities.swift in Sources */,
				F0ECB5E026B32433009FA4B5 /* SceneDelegate.swift in Sources */,
				FC68424026C6A19300555F5D /* BookDetailContainerViewModel.swift in Sources */,
				FC68425226C6AAA700555F5D /* CommentsController.swift in Sources */,
				FC33993D26DFA45900443EB7 /* SuggestViewModel.swift in Sources */,
				FC1C8F7E26DE42FA00A753BF /* CommentCellViewModel.swift in Sources */,
			);
			runOnlyForDeploymentPostprocessing = 0;
		};
		F0ECB5EC26B32434009FA4B5 /* Sources */ = {
			isa = PBXSourcesBuildPhase;
			buildActionMask = 2147483647;
			files = (
				F0ECB5F526B32434009FA4B5 /* WBooksTests.swift in Sources */,
			);
			runOnlyForDeploymentPostprocessing = 0;
		};
		F0ECB5F726B32434009FA4B5 /* Sources */ = {
			isa = PBXSourcesBuildPhase;
			buildActionMask = 2147483647;
			files = (
				F0ECB60026B32434009FA4B5 /* WBooksUITests.swift in Sources */,
			);
			runOnlyForDeploymentPostprocessing = 0;
		};
/* End PBXSourcesBuildPhase section */

/* Begin PBXTargetDependency section */
		F0ECB5F226B32434009FA4B5 /* PBXTargetDependency */ = {
			isa = PBXTargetDependency;
			target = F0ECB5D926B32433009FA4B5 /* WBooks */;
			targetProxy = F0ECB5F126B32434009FA4B5 /* PBXContainerItemProxy */;
		};
		F0ECB5FD26B32434009FA4B5 /* PBXTargetDependency */ = {
			isa = PBXTargetDependency;
			target = F0ECB5D926B32433009FA4B5 /* WBooks */;
			targetProxy = F0ECB5FC26B32434009FA4B5 /* PBXContainerItemProxy */;
		};
/* End PBXTargetDependency section */

/* Begin PBXVariantGroup section */
		F0ECB5E826B32434009FA4B5 /* LaunchScreen.storyboard */ = {
			isa = PBXVariantGroup;
			children = (
				F0ECB5E926B32434009FA4B5 /* Base */,
				FC4B5D2C26BD59CA0065409F /* es */,
			);
			name = LaunchScreen.storyboard;
			sourceTree = "<group>";
		};
		FC4B5D2B26BD58790065409F /* Localizable.strings */ = {
			isa = PBXVariantGroup;
			children = (
				FC4B5D2A26BD58790065409F /* en */,
				FC4B5D2D26BD59CA0065409F /* es */,
			);
			name = Localizable.strings;
			sourceTree = "<group>";
		};
		FC4B5D3226BD5AF10065409F /* InfoPlist.strings */ = {
			isa = PBXVariantGroup;
			children = (
				FC4B5D3126BD5AF10065409F /* es */,
				FC4B5D3326BD5AF60065409F /* en */,
			);
			name = InfoPlist.strings;
			sourceTree = "<group>";
		};
/* End PBXVariantGroup section */

/* Begin XCBuildConfiguration section */
		F0ECB60226B32434009FA4B5 /* Debug */ = {
			isa = XCBuildConfiguration;
			baseConfigurationReference = F03B9E0526B818F800B47EB9 /* ConfigDebug.xcconfig */;
			buildSettings = {
				ALWAYS_SEARCH_USER_PATHS = NO;
				CLANG_ANALYZER_LOCALIZABILITY_NONLOCALIZED = YES;
				CLANG_ANALYZER_NONNULL = YES;
				CLANG_ANALYZER_NUMBER_OBJECT_CONVERSION = YES_AGGRESSIVE;
				CLANG_CXX_LANGUAGE_STANDARD = "gnu++14";
				CLANG_CXX_LIBRARY = "libc++";
				CLANG_ENABLE_MODULES = YES;
				CLANG_ENABLE_OBJC_ARC = YES;
				CLANG_ENABLE_OBJC_WEAK = YES;
				CLANG_WARN_BLOCK_CAPTURE_AUTORELEASING = YES;
				CLANG_WARN_BOOL_CONVERSION = YES;
				CLANG_WARN_COMMA = YES;
				CLANG_WARN_CONSTANT_CONVERSION = YES;
				CLANG_WARN_DEPRECATED_OBJC_IMPLEMENTATIONS = YES;
				CLANG_WARN_DIRECT_OBJC_ISA_USAGE = YES_ERROR;
				CLANG_WARN_DOCUMENTATION_COMMENTS = YES;
				CLANG_WARN_EMPTY_BODY = YES;
				CLANG_WARN_ENUM_CONVERSION = YES;
				CLANG_WARN_INFINITE_RECURSION = YES;
				CLANG_WARN_INT_CONVERSION = YES;
				CLANG_WARN_NON_LITERAL_NULL_CONVERSION = YES;
				CLANG_WARN_OBJC_IMPLICIT_RETAIN_SELF = YES;
				CLANG_WARN_OBJC_LITERAL_CONVERSION = YES;
				CLANG_WARN_OBJC_ROOT_CLASS = YES_ERROR;
				CLANG_WARN_QUOTED_INCLUDE_IN_FRAMEWORK_HEADER = YES;
				CLANG_WARN_RANGE_LOOP_ANALYSIS = YES;
				CLANG_WARN_STRICT_PROTOTYPES = YES;
				CLANG_WARN_SUSPICIOUS_MOVE = YES;
				CLANG_WARN_UNGUARDED_AVAILABILITY = YES_AGGRESSIVE;
				CLANG_WARN_UNREACHABLE_CODE = YES;
				CLANG_WARN__DUPLICATE_METHOD_MATCH = YES;
				COPY_PHASE_STRIP = NO;
				DEBUG_INFORMATION_FORMAT = dwarf;
				ENABLE_STRICT_OBJC_MSGSEND = YES;
				ENABLE_TESTABILITY = YES;
				GCC_C_LANGUAGE_STANDARD = gnu11;
				GCC_DYNAMIC_NO_PIC = NO;
				GCC_NO_COMMON_BLOCKS = YES;
				GCC_OPTIMIZATION_LEVEL = 0;
				GCC_PREPROCESSOR_DEFINITIONS = (
					"DEBUG=1",
					"$(inherited)",
				);
				GCC_WARN_64_TO_32_BIT_CONVERSION = YES;
				GCC_WARN_ABOUT_RETURN_TYPE = YES_ERROR;
				GCC_WARN_UNDECLARED_SELECTOR = YES;
				GCC_WARN_UNINITIALIZED_AUTOS = YES_AGGRESSIVE;
				GCC_WARN_UNUSED_FUNCTION = YES;
				GCC_WARN_UNUSED_VARIABLE = YES;
				IPHONEOS_DEPLOYMENT_TARGET = 14.5;
				MTL_ENABLE_DEBUG_INFO = INCLUDE_SOURCE;
				MTL_FAST_MATH = YES;
				ONLY_ACTIVE_ARCH = YES;
				SDKROOT = iphoneos;
				SWIFT_ACTIVE_COMPILATION_CONDITIONS = DEBUG;
				SWIFT_OPTIMIZATION_LEVEL = "-Onone";
			};
			name = Debug;
		};
		F0ECB60326B32434009FA4B5 /* Release */ = {
			isa = XCBuildConfiguration;
			baseConfigurationReference = F03B9E0626B81A3700B47EB9 /* ConfigRelease.xcconfig */;
			buildSettings = {
				ALWAYS_SEARCH_USER_PATHS = NO;
				CLANG_ANALYZER_LOCALIZABILITY_NONLOCALIZED = YES;
				CLANG_ANALYZER_NONNULL = YES;
				CLANG_ANALYZER_NUMBER_OBJECT_CONVERSION = YES_AGGRESSIVE;
				CLANG_CXX_LANGUAGE_STANDARD = "gnu++14";
				CLANG_CXX_LIBRARY = "libc++";
				CLANG_ENABLE_MODULES = YES;
				CLANG_ENABLE_OBJC_ARC = YES;
				CLANG_ENABLE_OBJC_WEAK = YES;
				CLANG_WARN_BLOCK_CAPTURE_AUTORELEASING = YES;
				CLANG_WARN_BOOL_CONVERSION = YES;
				CLANG_WARN_COMMA = YES;
				CLANG_WARN_CONSTANT_CONVERSION = YES;
				CLANG_WARN_DEPRECATED_OBJC_IMPLEMENTATIONS = YES;
				CLANG_WARN_DIRECT_OBJC_ISA_USAGE = YES_ERROR;
				CLANG_WARN_DOCUMENTATION_COMMENTS = YES;
				CLANG_WARN_EMPTY_BODY = YES;
				CLANG_WARN_ENUM_CONVERSION = YES;
				CLANG_WARN_INFINITE_RECURSION = YES;
				CLANG_WARN_INT_CONVERSION = YES;
				CLANG_WARN_NON_LITERAL_NULL_CONVERSION = YES;
				CLANG_WARN_OBJC_IMPLICIT_RETAIN_SELF = YES;
				CLANG_WARN_OBJC_LITERAL_CONVERSION = YES;
				CLANG_WARN_OBJC_ROOT_CLASS = YES_ERROR;
				CLANG_WARN_QUOTED_INCLUDE_IN_FRAMEWORK_HEADER = YES;
				CLANG_WARN_RANGE_LOOP_ANALYSIS = YES;
				CLANG_WARN_STRICT_PROTOTYPES = YES;
				CLANG_WARN_SUSPICIOUS_MOVE = YES;
				CLANG_WARN_UNGUARDED_AVAILABILITY = YES_AGGRESSIVE;
				CLANG_WARN_UNREACHABLE_CODE = YES;
				CLANG_WARN__DUPLICATE_METHOD_MATCH = YES;
				COPY_PHASE_STRIP = NO;
				DEBUG_INFORMATION_FORMAT = "dwarf-with-dsym";
				ENABLE_NS_ASSERTIONS = NO;
				ENABLE_STRICT_OBJC_MSGSEND = YES;
				GCC_C_LANGUAGE_STANDARD = gnu11;
				GCC_NO_COMMON_BLOCKS = YES;
				GCC_WARN_64_TO_32_BIT_CONVERSION = YES;
				GCC_WARN_ABOUT_RETURN_TYPE = YES_ERROR;
				GCC_WARN_UNDECLARED_SELECTOR = YES;
				GCC_WARN_UNINITIALIZED_AUTOS = YES_AGGRESSIVE;
				GCC_WARN_UNUSED_FUNCTION = YES;
				GCC_WARN_UNUSED_VARIABLE = YES;
				IPHONEOS_DEPLOYMENT_TARGET = 14.5;
				MTL_ENABLE_DEBUG_INFO = NO;
				MTL_FAST_MATH = YES;
				SDKROOT = iphoneos;
				SWIFT_COMPILATION_MODE = wholemodule;
				SWIFT_OPTIMIZATION_LEVEL = "-O";
				VALIDATE_PRODUCT = YES;
			};
			name = Release;
		};
		F0ECB60526B32434009FA4B5 /* Debug */ = {
			isa = XCBuildConfiguration;
			baseConfigurationReference = D40A066932E8196067802000 /* Pods-WBooks.debug.xcconfig */;
			buildSettings = {
				ASSETCATALOG_COMPILER_APPICON_NAME = AppIcon;
				ASSETCATALOG_COMPILER_GLOBAL_ACCENT_COLOR_NAME = AccentColor;
				CODE_SIGN_STYLE = Automatic;
				DEVELOPMENT_TEAM = 7MVAWZXNF7;
				INFOPLIST_FILE = WBooks/Info.plist;
				LD_RUNPATH_SEARCH_PATHS = (
					"$(inherited)",
					"@executable_path/Frameworks",
				);
				PRODUCT_BUNDLE_IDENTIFIER = "Ignacio-Mendez.WBooks";
				PRODUCT_NAME = "$(TARGET_NAME)";
				SWIFT_VERSION = 5.0;
				TARGETED_DEVICE_FAMILY = "1,2";
			};
			name = Debug;
		};
		F0ECB60626B32434009FA4B5 /* Release */ = {
			isa = XCBuildConfiguration;
			baseConfigurationReference = 95907DAE3FB85964E44D692E /* Pods-WBooks.release.xcconfig */;
			buildSettings = {
				ASSETCATALOG_COMPILER_APPICON_NAME = AppIcon;
				ASSETCATALOG_COMPILER_GLOBAL_ACCENT_COLOR_NAME = AccentColor;
				CODE_SIGN_STYLE = Automatic;
				DEVELOPMENT_TEAM = 7MVAWZXNF7;
				INFOPLIST_FILE = WBooks/Info.plist;
				LD_RUNPATH_SEARCH_PATHS = (
					"$(inherited)",
					"@executable_path/Frameworks",
				);
				PRODUCT_BUNDLE_IDENTIFIER = "Ignacio-Mendez.WBooks";
				PRODUCT_NAME = "$(TARGET_NAME)";
				SWIFT_VERSION = 5.0;
				TARGETED_DEVICE_FAMILY = "1,2";
			};
			name = Release;
		};
		F0ECB60826B32434009FA4B5 /* Debug */ = {
			isa = XCBuildConfiguration;
			baseConfigurationReference = E92AB40CB51E4BA78147F61E /* Pods-WBooksTests.debug.xcconfig */;
			buildSettings = {
				ALWAYS_EMBED_SWIFT_STANDARD_LIBRARIES = YES;
				BUNDLE_LOADER = "$(TEST_HOST)";
				CODE_SIGN_STYLE = Automatic;
				DEVELOPMENT_TEAM = 7MVAWZXNF7;
				INFOPLIST_FILE = WBooksTests/Info.plist;
				IPHONEOS_DEPLOYMENT_TARGET = 14.5;
				LD_RUNPATH_SEARCH_PATHS = (
					"$(inherited)",
					"@executable_path/Frameworks",
					"@loader_path/Frameworks",
				);
				PRODUCT_BUNDLE_IDENTIFIER = "Ignacio-Mendez.WBooksTests";
				PRODUCT_NAME = "$(TARGET_NAME)";
				SWIFT_VERSION = 5.0;
				TARGETED_DEVICE_FAMILY = "1,2";
				TEST_HOST = "$(BUILT_PRODUCTS_DIR)/WBooks.app/WBooks";
			};
			name = Debug;
		};
		F0ECB60926B32434009FA4B5 /* Release */ = {
			isa = XCBuildConfiguration;
			baseConfigurationReference = 46D53839D7FF3ADB00FA3781 /* Pods-WBooksTests.release.xcconfig */;
			buildSettings = {
				ALWAYS_EMBED_SWIFT_STANDARD_LIBRARIES = YES;
				BUNDLE_LOADER = "$(TEST_HOST)";
				CODE_SIGN_STYLE = Automatic;
				DEVELOPMENT_TEAM = 7MVAWZXNF7;
				INFOPLIST_FILE = WBooksTests/Info.plist;
				IPHONEOS_DEPLOYMENT_TARGET = 14.5;
				LD_RUNPATH_SEARCH_PATHS = (
					"$(inherited)",
					"@executable_path/Frameworks",
					"@loader_path/Frameworks",
				);
				PRODUCT_BUNDLE_IDENTIFIER = "Ignacio-Mendez.WBooksTests";
				PRODUCT_NAME = "$(TARGET_NAME)";
				SWIFT_VERSION = 5.0;
				TARGETED_DEVICE_FAMILY = "1,2";
				TEST_HOST = "$(BUILT_PRODUCTS_DIR)/WBooks.app/WBooks";
			};
			name = Release;
		};
		F0ECB60B26B32434009FA4B5 /* Debug */ = {
			isa = XCBuildConfiguration;
			baseConfigurationReference = A141F1856A0282E7983C039F /* Pods-WBooks-WBooksUITests.debug.xcconfig */;
			buildSettings = {
				ALWAYS_EMBED_SWIFT_STANDARD_LIBRARIES = YES;
				CODE_SIGN_STYLE = Automatic;
				DEVELOPMENT_TEAM = 7MVAWZXNF7;
				INFOPLIST_FILE = WBooksUITests/Info.plist;
				LD_RUNPATH_SEARCH_PATHS = (
					"$(inherited)",
					"@executable_path/Frameworks",
					"@loader_path/Frameworks",
				);
				PRODUCT_BUNDLE_IDENTIFIER = "Ignacio-Mendez.WBooksUITests";
				PRODUCT_NAME = "$(TARGET_NAME)";
				SWIFT_VERSION = 5.0;
				TARGETED_DEVICE_FAMILY = "1,2";
				TEST_TARGET_NAME = WBooks;
			};
			name = Debug;
		};
		F0ECB60C26B32434009FA4B5 /* Release */ = {
			isa = XCBuildConfiguration;
			baseConfigurationReference = 2C2CD215FFC994FB1BCA6DF4 /* Pods-WBooks-WBooksUITests.release.xcconfig */;
			buildSettings = {
				ALWAYS_EMBED_SWIFT_STANDARD_LIBRARIES = YES;
				CODE_SIGN_STYLE = Automatic;
				DEVELOPMENT_TEAM = 7MVAWZXNF7;
				INFOPLIST_FILE = WBooksUITests/Info.plist;
				LD_RUNPATH_SEARCH_PATHS = (
					"$(inherited)",
					"@executable_path/Frameworks",
					"@loader_path/Frameworks",
				);
				PRODUCT_BUNDLE_IDENTIFIER = "Ignacio-Mendez.WBooksUITests";
				PRODUCT_NAME = "$(TARGET_NAME)";
				SWIFT_VERSION = 5.0;
				TARGETED_DEVICE_FAMILY = "1,2";
				TEST_TARGET_NAME = WBooks;
			};
			name = Release;
		};
/* End XCBuildConfiguration section */

/* Begin XCConfigurationList section */
		F0ECB5D526B32433009FA4B5 /* Build configuration list for PBXProject "WBooks" */ = {
			isa = XCConfigurationList;
			buildConfigurations = (
				F0ECB60226B32434009FA4B5 /* Debug */,
				F0ECB60326B32434009FA4B5 /* Release */,
			);
			defaultConfigurationIsVisible = 0;
			defaultConfigurationName = Release;
		};
		F0ECB60426B32434009FA4B5 /* Build configuration list for PBXNativeTarget "WBooks" */ = {
			isa = XCConfigurationList;
			buildConfigurations = (
				F0ECB60526B32434009FA4B5 /* Debug */,
				F0ECB60626B32434009FA4B5 /* Release */,
			);
			defaultConfigurationIsVisible = 0;
			defaultConfigurationName = Release;
		};
		F0ECB60726B32434009FA4B5 /* Build configuration list for PBXNativeTarget "WBooksTests" */ = {
			isa = XCConfigurationList;
			buildConfigurations = (
				F0ECB60826B32434009FA4B5 /* Debug */,
				F0ECB60926B32434009FA4B5 /* Release */,
			);
			defaultConfigurationIsVisible = 0;
			defaultConfigurationName = Release;
		};
		F0ECB60A26B32434009FA4B5 /* Build configuration list for PBXNativeTarget "WBooksUITests" */ = {
			isa = XCConfigurationList;
			buildConfigurations = (
				F0ECB60B26B32434009FA4B5 /* Debug */,
				F0ECB60C26B32434009FA4B5 /* Release */,
			);
			defaultConfigurationIsVisible = 0;
			defaultConfigurationName = Release;
		};
/* End XCConfigurationList section */
	};
	rootObject = F0ECB5D226B32433009FA4B5 /* Project object */;
}
